
Microsoft Visual Studio Solution File, Format Version 12.00
# Visual Studio Version 17
VisualStudioVersion = 17.5.33530.505
MinimumVisualStudioVersion = 10.0.40219.1
Project("{FAE04EC0-301F-11D3-BF4B-00C04F79EFBC}") = "GetHashCodeEEquals", "GetHashCodeEEquals\GetHashCodeEEquals.csproj", "{9E3189FD-6377-4FAC-A2E8-C904360DC8A3}"
EndProject
Global
	GlobalSection(SolutionConfigurationPlatforms) = preSolution
		Debug|Any CPU = Debug|Any CPU
		Release|Any CPU = Release|Any CPU
	EndGlobalSection
	GlobalSection(ProjectConfigurationPlatforms) = postSolution
		{9E3189FD-6377-4FAC-A2E8-C904360DC8A3}.Debug|Any CPU.ActiveCfg = Debug|Any CPU
		{9E3189FD-6377-4FAC-A2E8-C904360DC8A3}.Debug|Any CPU.Build.0 = Debug|Any CPU
		{9E3189FD-6377-4FAC-A2E8-C904360DC8A3}.Release|Any CPU.ActiveCfg = Release|Any CPU
		{9E3189FD-6377-4FAC-A2E8-C904360DC8A3}.Release|Any CPU.Build.0 = Release|Any CPU
	EndGlobalSection
	GlobalSection(SolutionProperties) = preSolution
		HideSolutionNode = FALSE
	EndGlobalSection
	GlobalSection(ExtensibilityGlobals) = postSolution
		SolutionGuid = {AF2DA816-AB9F-4D15-A9B8-56A7DC5D99EF}
	EndGlobalSection
EndGlobal
